
Microsoft Visual Studio Solution File, Format Version 12.00
# Visual Studio Version 17
VisualStudioVersion = 17.6.33815.320
MinimumVisualStudioVersion = 10.0.40219.1
Project("{FAE04EC0-301F-11D3-BF4B-00C04F79EFBC}") = "8.11.2023", "8.11.2023\8.11.2023.csproj", "{850F9D0D-E650-495F-B015-D519E5E3B813}"
EndProject
Global
	GlobalSection(SolutionConfigurationPlatforms) = preSolution
		Debug|Any CPU = Debug|Any CPU
		Release|Any CPU = Release|Any CPU
	EndGlobalSection
	GlobalSection(ProjectConfigurationPlatforms) = postSolution
		{850F9D0D-E650-495F-B015-D519E5E3B813}.Debug|Any CPU.ActiveCfg = Debug|Any CPU
		{850F9D0D-E650-495F-B015-D519E5E3B813}.Debug|Any CPU.Build.0 = Debug|Any CPU
		{850F9D0D-E650-495F-B015-D519E5E3B813}.Release|Any CPU.ActiveCfg = Release|Any CPU
		{850F9D0D-E650-495F-B015-D519E5E3B813}.Release|Any CPU.Build.0 = Release|Any CPU
	EndGlobalSection
	GlobalSection(SolutionProperties) = preSolution
		HideSolutionNode = FALSE
	EndGlobalSection
	GlobalSection(ExtensibilityGlobals) = postSolution
		SolutionGuid = {B919A0FF-AAAF-4BF0-ADD7-14929472D1D8}
	EndGlobalSection
EndGlobal
